
Microsoft Visual Studio Solution File, Format Version 12.00
# Visual Studio Version 16
VisualStudioVersion = 16.0.29728.190
MinimumVisualStudioVersion = 10.0.40219.1
Project("{FAE04EC0-301F-11D3-BF4B-00C04F79EFBC}") = "GitWitWpf", "GitWitWpf\GitWitWpf.csproj", "{BEFCAD72-6191-4161-AD85-EDB2E1946EAB}"
EndProject
Global
	GlobalSection(SolutionConfigurationPlatforms) = preSolution
		Debug|Any CPU = Debug|Any CPU
		Release|Any CPU = Release|Any CPU
	EndGlobalSection
	GlobalSection(ProjectConfigurationPlatforms) = postSolution
		{BEFCAD72-6191-4161-AD85-EDB2E1946EAB}.Debug|Any CPU.ActiveCfg = Debug|Any CPU
		{BEFCAD72-6191-4161-AD85-EDB2E1946EAB}.Debug|Any CPU.Build.0 = Debug|Any CPU
		{BEFCAD72-6191-4161-AD85-EDB2E1946EAB}.Release|Any CPU.ActiveCfg = Release|Any CPU
		{BEFCAD72-6191-4161-AD85-EDB2E1946EAB}.Release|Any CPU.Build.0 = Release|Any CPU
	EndGlobalSection
	GlobalSection(SolutionProperties) = preSolution
		HideSolutionNode = FALSE
	EndGlobalSection
	GlobalSection(ExtensibilityGlobals) = postSolution
		SolutionGuid = {0C7A7C95-EB45-4FF6-9722-954B4EF66EAA}
	EndGlobalSection
EndGlobal
